// !$*UTF8*$!
{
	archiveVersion = 1;
	classes = {
	};
	objectVersion = 50;
	objects = {

/* Begin PBXBuildFile section */
		C2A42646BFA072541ACFB55E /* Pods_JBMoyaJson.framework in Frameworks */ = {isa = PBXBuildFile; fileRef = DEBD72D5F14BEC0E50A88719 /* Pods_JBMoyaJson.framework */; };
		F06ACF302089C35C007904D2 /* AppDelegate.swift in Sources */ = {isa = PBXBuildFile; fileRef = F06ACF2F2089C35C007904D2 /* AppDelegate.swift */; };
		F06ACF322089C35C007904D2 /* ViewController.swift in Sources */ = {isa = PBXBuildFile; fileRef = F06ACF312089C35C007904D2 /* ViewController.swift */; };
		F06ACF352089C35C007904D2 /* Main.storyboard in Resources */ = {isa = PBXBuildFile; fileRef = F06ACF332089C35C007904D2 /* Main.storyboard */; };
		F06ACF372089C36A007904D2 /* Assets.xcassets in Resources */ = {isa = PBXBuildFile; fileRef = F06ACF362089C36A007904D2 /* Assets.xcassets */; };
		F06ACF3A2089C36A007904D2 /* LaunchScreen.storyboard in Resources */ = {isa = PBXBuildFile; fileRef = F06ACF382089C36A007904D2 /* LaunchScreen.storyboard */; };
		F0DF66A0208B3B97007EEFD3 /* JBMoyaJson.h in Headers */ = {isa = PBXBuildFile; fileRef = F0DF669E208B3B97007EEFD3 /* JBMoyaJson.h */; settings = {ATTRIBUTES = (Public, ); }; };
		F0DF66A3208B3B97007EEFD3 /* JBMoyaJson.framework in Frameworks */ = {isa = PBXBuildFile; fileRef = F0DF669C208B3B97007EEFD3 /* JBMoyaJson.framework */; };
		F0DF66A4208B3B97007EEFD3 /* JBMoyaJson.framework in Embed Frameworks */ = {isa = PBXBuildFile; fileRef = F0DF669C208B3B97007EEFD3 /* JBMoyaJson.framework */; settings = {ATTRIBUTES = (CodeSignOnCopy, RemoveHeadersOnCopy, ); }; };
		F0DF66B0208B3BC2007EEFD3 /* JsonExt.swift in Sources */ = {isa = PBXBuildFile; fileRef = F0DF66AA208B3BB6007EEFD3 /* JsonExt.swift */; };
		F0DF66B1208B3BC2007EEFD3 /* RequestExt.swift in Sources */ = {isa = PBXBuildFile; fileRef = F0DF66AB208B3BB6007EEFD3 /* RequestExt.swift */; };
		F0DF66B2208B3BC2007EEFD3 /* ResponseExt.swift in Sources */ = {isa = PBXBuildFile; fileRef = F0DF66AC208B3BB6007EEFD3 /* ResponseExt.swift */; };
/* End PBXBuildFile section */

/* Begin PBXContainerItemProxy section */
		F0DF66A1208B3B97007EEFD3 /* PBXContainerItemProxy */ = {
			isa = PBXContainerItemProxy;
			containerPortal = F06ACF242089C35C007904D2 /* Project object */;
			proxyType = 1;
			remoteGlobalIDString = F0DF669B208B3B97007EEFD3;
			remoteInfo = JBMoyaJson;
		};
/* End PBXContainerItemProxy section */

/* Begin PBXCopyFilesBuildPhase section */
		F0DF66A8208B3B97007EEFD3 /* Embed Frameworks */ = {
			isa = PBXCopyFilesBuildPhase;
			buildActionMask = 2147483647;
			dstPath = "";
			dstSubfolderSpec = 10;
			files = (
				F0DF66A4208B3B97007EEFD3 /* JBMoyaJson.framework in Embed Frameworks */,
			);
			name = "Embed Frameworks";
			runOnlyForDeploymentPostprocessing = 0;
		};
/* End PBXCopyFilesBuildPhase section */

/* Begin PBXFileReference section */
		00FC673DB329C051767FD913 /* Pods_MoyaJsonExt.framework */ = {isa = PBXFileReference; explicitFileType = wrapper.framework; includeInIndex = 0; path = Pods_MoyaJsonExt.framework; sourceTree = BUILT_PRODUCTS_DIR; };
		418B83917F45B486EA1BD08C /* Pods-JBMoyaJson.release.xcconfig */ = {isa = PBXFileReference; includeInIndex = 1; lastKnownFileType = text.xcconfig; name = "Pods-JBMoyaJson.release.xcconfig"; path = "Pods/Target Support Files/Pods-JBMoyaJson/Pods-JBMoyaJson.release.xcconfig"; sourceTree = "<group>"; };
		8F0F1974B4E7D8E273F13A6E /* Pods-JBMoyaJson.debug.xcconfig */ = {isa = PBXFileReference; includeInIndex = 1; lastKnownFileType = text.xcconfig; name = "Pods-JBMoyaJson.debug.xcconfig"; path = "Pods/Target Support Files/Pods-JBMoyaJson/Pods-JBMoyaJson.debug.xcconfig"; sourceTree = "<group>"; };
		DEBD72D5F14BEC0E50A88719 /* Pods_JBMoyaJson.framework */ = {isa = PBXFileReference; explicitFileType = wrapper.framework; includeInIndex = 0; path = Pods_JBMoyaJson.framework; sourceTree = BUILT_PRODUCTS_DIR; };
		F06ACF2C2089C35C007904D2 /* MoyaJsonExt.app */ = {isa = PBXFileReference; explicitFileType = wrapper.application; includeInIndex = 0; path = MoyaJsonExt.app; sourceTree = BUILT_PRODUCTS_DIR; };
		F06ACF2F2089C35C007904D2 /* AppDelegate.swift */ = {isa = PBXFileReference; lastKnownFileType = sourcecode.swift; path = AppDelegate.swift; sourceTree = "<group>"; };
		F06ACF312089C35C007904D2 /* ViewController.swift */ = {isa = PBXFileReference; lastKnownFileType = sourcecode.swift; path = ViewController.swift; sourceTree = "<group>"; };
		F06ACF342089C35C007904D2 /* Base */ = {isa = PBXFileReference; lastKnownFileType = file.storyboard; name = Base; path = Base.lproj/Main.storyboard; sourceTree = "<group>"; };
		F06ACF362089C36A007904D2 /* Assets.xcassets */ = {isa = PBXFileReference; lastKnownFileType = folder.assetcatalog; path = Assets.xcassets; sourceTree = "<group>"; };
		F06ACF392089C36A007904D2 /* Base */ = {isa = PBXFileReference; lastKnownFileType = file.storyboard; name = Base; path = Base.lproj/LaunchScreen.storyboard; sourceTree = "<group>"; };
		F06ACF3B2089C36A007904D2 /* Info.plist */ = {isa = PBXFileReference; lastKnownFileType = text.plist.xml; path = Info.plist; sourceTree = "<group>"; };
		F0DF669C208B3B97007EEFD3 /* JBMoyaJson.framework */ = {isa = PBXFileReference; explicitFileType = wrapper.framework; includeInIndex = 0; path = JBMoyaJson.framework; sourceTree = BUILT_PRODUCTS_DIR; };
		F0DF669E208B3B97007EEFD3 /* JBMoyaJson.h */ = {isa = PBXFileReference; lastKnownFileType = sourcecode.c.h; path = JBMoyaJson.h; sourceTree = "<group>"; };
		F0DF669F208B3B97007EEFD3 /* Info.plist */ = {isa = PBXFileReference; lastKnownFileType = text.plist.xml; path = Info.plist; sourceTree = "<group>"; };
		F0DF66AA208B3BB6007EEFD3 /* JsonExt.swift */ = {isa = PBXFileReference; fileEncoding = 4; lastKnownFileType = sourcecode.swift; path = JsonExt.swift; sourceTree = "<group>"; };
		F0DF66AB208B3BB6007EEFD3 /* RequestExt.swift */ = {isa = PBXFileReference; fileEncoding = 4; lastKnownFileType = sourcecode.swift; path = RequestExt.swift; sourceTree = "<group>"; };
		F0DF66AC208B3BB6007EEFD3 /* ResponseExt.swift */ = {isa = PBXFileReference; fileEncoding = 4; lastKnownFileType = sourcecode.swift; path = ResponseExt.swift; sourceTree = "<group>"; };
/* End PBXFileReference section */

/* Begin PBXFrameworksBuildPhase section */
		F06ACF292089C35C007904D2 /* Frameworks */ = {
			isa = PBXFrameworksBuildPhase;
			buildActionMask = 2147483647;
			files = (
				F0DF66A3208B3B97007EEFD3 /* JBMoyaJson.framework in Frameworks */,
			);
			runOnlyForDeploymentPostprocessing = 0;
		};
		F0DF6698208B3B97007EEFD3 /* Frameworks */ = {
			isa = PBXFrameworksBuildPhase;
			buildActionMask = 2147483647;
			files = (
				C2A42646BFA072541ACFB55E /* Pods_JBMoyaJson.framework in Frameworks */,
			);
			runOnlyForDeploymentPostprocessing = 0;
		};
/* End PBXFrameworksBuildPhase section */

/* Begin PBXGroup section */
		507B48C224D847B859E78F2D /* Frameworks */ = {
			isa = PBXGroup;
			children = (
				00FC673DB329C051767FD913 /* Pods_MoyaJsonExt.framework */,
				DEBD72D5F14BEC0E50A88719 /* Pods_JBMoyaJson.framework */,
			);
			name = Frameworks;
			sourceTree = "<group>";
		};
		749DD2F363E3B44C619E8F48 /* Pods */ = {
			isa = PBXGroup;
			children = (
				8F0F1974B4E7D8E273F13A6E /* Pods-JBMoyaJson.debug.xcconfig */,
				418B83917F45B486EA1BD08C /* Pods-JBMoyaJson.release.xcconfig */,
			);
			name = Pods;
			sourceTree = "<group>";
		};
		F06ACF232089C35C007904D2 = {
			isa = PBXGroup;
			children = (
				F06ACF2E2089C35C007904D2 /* MoyaJsonExt */,
				F0DF669D208B3B97007EEFD3 /* JBMoyaJson */,
				F06ACF2D2089C35C007904D2 /* Products */,
				749DD2F363E3B44C619E8F48 /* Pods */,
				507B48C224D847B859E78F2D /* Frameworks */,
			);
			sourceTree = "<group>";
		};
		F06ACF2D2089C35C007904D2 /* Products */ = {
			isa = PBXGroup;
			children = (
				F06ACF2C2089C35C007904D2 /* MoyaJsonExt.app */,
				F0DF669C208B3B97007EEFD3 /* JBMoyaJson.framework */,
			);
			name = Products;
			sourceTree = "<group>";
		};
		F06ACF2E2089C35C007904D2 /* MoyaJsonExt */ = {
			isa = PBXGroup;
			children = (
				F06ACF2F2089C35C007904D2 /* AppDelegate.swift */,
				F06ACF312089C35C007904D2 /* ViewController.swift */,
				F06ACF332089C35C007904D2 /* Main.storyboard */,
				F06ACF362089C36A007904D2 /* Assets.xcassets */,
				F06ACF382089C36A007904D2 /* LaunchScreen.storyboard */,
				F06ACF3B2089C36A007904D2 /* Info.plist */,
			);
			path = MoyaJsonExt;
			sourceTree = "<group>";
		};
		F0DF669D208B3B97007EEFD3 /* JBMoyaJson */ = {
			isa = PBXGroup;
			children = (
				F0DF66A9208B3BB6007EEFD3 /* Sources */,
				F0DF669F208B3B97007EEFD3 /* Info.plist */,
			);
			path = JBMoyaJson;
			sourceTree = "<group>";
		};
		F0DF66A9208B3BB6007EEFD3 /* Sources */ = {
			isa = PBXGroup;
			children = (
				F0DF669E208B3B97007EEFD3 /* JBMoyaJson.h */,
				F0DF66AA208B3BB6007EEFD3 /* JsonExt.swift */,
				F0DF66AB208B3BB6007EEFD3 /* RequestExt.swift */,
				F0DF66AC208B3BB6007EEFD3 /* ResponseExt.swift */,
			);
			path = Sources;
			sourceTree = "<group>";
		};
/* End PBXGroup section */

/* Begin PBXHeadersBuildPhase section */
		F0DF6699208B3B97007EEFD3 /* Headers */ = {
			isa = PBXHeadersBuildPhase;
			buildActionMask = 2147483647;
			files = (
				F0DF66A0208B3B97007EEFD3 /* JBMoyaJson.h in Headers */,
			);
			runOnlyForDeploymentPostprocessing = 0;
		};
/* End PBXHeadersBuildPhase section */

/* Begin PBXNativeTarget section */
		F06ACF2B2089C35C007904D2 /* MoyaJsonExt */ = {
			isa = PBXNativeTarget;
			buildConfigurationList = F06ACF3E2089C36A007904D2 /* Build configuration list for PBXNativeTarget "MoyaJsonExt" */;
			buildPhases = (
				F06ACF282089C35C007904D2 /* Sources */,
				F06ACF292089C35C007904D2 /* Frameworks */,
				F06ACF2A2089C35C007904D2 /* Resources */,
				F0DF66A8208B3B97007EEFD3 /* Embed Frameworks */,
			);
			buildRules = (
			);
			dependencies = (
				F0DF66A2208B3B97007EEFD3 /* PBXTargetDependency */,
			);
			name = MoyaJsonExt;
			productName = MoyaJsonExt;
			productReference = F06ACF2C2089C35C007904D2 /* MoyaJsonExt.app */;
			productType = "com.apple.product-type.application";
		};
		F0DF669B208B3B97007EEFD3 /* JBMoyaJson */ = {
			isa = PBXNativeTarget;
			buildConfigurationList = F0DF66A5208B3B97007EEFD3 /* Build configuration list for PBXNativeTarget "JBMoyaJson" */;
			buildPhases = (
				D7D079F7FA31D9749013C334 /* [CP] Check Pods Manifest.lock */,
				F0DF6697208B3B97007EEFD3 /* Sources */,
				F0DF6698208B3B97007EEFD3 /* Frameworks */,
				F0DF6699208B3B97007EEFD3 /* Headers */,
				F0DF669A208B3B97007EEFD3 /* Resources */,
			);
			buildRules = (
			);
			dependencies = (
			);
			name = JBMoyaJson;
			productName = JBMoyaJson;
			productReference = F0DF669C208B3B97007EEFD3 /* JBMoyaJson.framework */;
			productType = "com.apple.product-type.framework";
		};
/* End PBXNativeTarget section */

/* Begin PBXProject section */
		F06ACF242089C35C007904D2 /* Project object */ = {
			isa = PBXProject;
			attributes = {
				LastSwiftUpdateCheck = 0930;
				LastUpgradeCheck = 0930;
				ORGANIZATIONNAME = JB;
				TargetAttributes = {
					F06ACF2B2089C35C007904D2 = {
						CreatedOnToolsVersion = 9.3;
					};
					F0DF669B208B3B97007EEFD3 = {
						CreatedOnToolsVersion = 9.3;
					};
				};
			};
			buildConfigurationList = F06ACF272089C35C007904D2 /* Build configuration list for PBXProject "MoyaJsonExt" */;
			compatibilityVersion = "Xcode 9.3";
			developmentRegion = en;
			hasScannedForEncodings = 0;
			knownRegions = (
				en,
				Base,
			);
			mainGroup = F06ACF232089C35C007904D2;
			productRefGroup = F06ACF2D2089C35C007904D2 /* Products */;
			projectDirPath = "";
			projectRoot = "";
			targets = (
				F06ACF2B2089C35C007904D2 /* MoyaJsonExt */,
				F0DF669B208B3B97007EEFD3 /* JBMoyaJson */,
			);
		};
/* End PBXProject section */

/* Begin PBXResourcesBuildPhase section */
		F06ACF2A2089C35C007904D2 /* Resources */ = {
			isa = PBXResourcesBuildPhase;
			buildActionMask = 2147483647;
			files = (
				F06ACF3A2089C36A007904D2 /* LaunchScreen.storyboard in Resources */,
				F06ACF372089C36A007904D2 /* Assets.xcassets in Resources */,
				F06ACF352089C35C007904D2 /* Main.storyboard in Resources */,
			);
			runOnlyForDeploymentPostprocessing = 0;
		};
		F0DF669A208B3B97007EEFD3 /* Resources */ = {
			isa = PBXResourcesBuildPhase;
			buildActionMask = 2147483647;
			files = (
			);
			runOnlyForDeploymentPostprocessing = 0;
		};
/* End PBXResourcesBuildPhase section */

/* Begin PBXShellScriptBuildPhase section */
		D7D079F7FA31D9749013C334 /* [CP] Check Pods Manifest.lock */ = {
			isa = PBXShellScriptBuildPhase;
			buildActionMask = 2147483647;
			files = (
			);
			inputPaths = (
				"${PODS_PODFILE_DIR_PATH}/Podfile.lock",
				"${PODS_ROOT}/Manifest.lock",
			);
			name = "[CP] Check Pods Manifest.lock";
			outputPaths = (
				"$(DERIVED_FILE_DIR)/Pods-JBMoyaJson-checkManifestLockResult.txt",
			);
			runOnlyForDeploymentPostprocessing = 0;
			shellPath = /bin/sh;
			shellScript = "diff \"${PODS_PODFILE_DIR_PATH}/Podfile.lock\" \"${PODS_ROOT}/Manifest.lock\" > /dev/null\nif [ $? != 0 ] ; then\n    # print error to STDERR\n    echo \"error: The sandbox is not in sync with the Podfile.lock. Run 'pod install' or update your CocoaPods installation.\" >&2\n    exit 1\nfi\n# This output is used by Xcode 'outputs' to avoid re-running this script phase.\necho \"SUCCESS\" > \"${SCRIPT_OUTPUT_FILE_0}\"\n";
			showEnvVarsInLog = 0;
		};
/* End PBXShellScriptBuildPhase section */

/* Begin PBXSourcesBuildPhase section */
		F06ACF282089C35C007904D2 /* Sources */ = {
			isa = PBXSourcesBuildPhase;
			buildActionMask = 2147483647;
			files = (
				F06ACF322089C35C007904D2 /* ViewController.swift in Sources */,
				F06ACF302089C35C007904D2 /* AppDelegate.swift in Sources */,
			);
			runOnlyForDeploymentPostprocessing = 0;
		};
		F0DF6697208B3B97007EEFD3 /* Sources */ = {
			isa = PBXSourcesBuildPhase;
			buildActionMask = 2147483647;
			files = (
				F0DF66B0208B3BC2007EEFD3 /* JsonExt.swift in Sources */,
				F0DF66B2208B3BC2007EEFD3 /* ResponseExt.swift in Sources */,
				F0DF66B1208B3BC2007EEFD3 /* RequestExt.swift in Sources */,
			);
			runOnlyForDeploymentPostprocessing = 0;
		};
/* End PBXSourcesBuildPhase section */

/* Begin PBXTargetDependency section */
		F0DF66A2208B3B97007EEFD3 /* PBXTargetDependency */ = {
			isa = PBXTargetDependency;
			target = F0DF669B208B3B97007EEFD3 /* JBMoyaJson */;
			targetProxy = F0DF66A1208B3B97007EEFD3 /* PBXContainerItemProxy */;
		};
/* End PBXTargetDependency section */

/* Begin PBXVariantGroup section */
		F06ACF332089C35C007904D2 /* Main.storyboard */ = {
			isa = PBXVariantGroup;
			children = (
				F06ACF342089C35C007904D2 /* Base */,
			);
			name = Main.storyboard;
			sourceTree = "<group>";
		};
		F06ACF382089C36A007904D2 /* LaunchScreen.storyboard */ = {
			isa = PBXVariantGroup;
			children = (
				F06ACF392089C36A007904D2 /* Base */,
			);
			name = LaunchScreen.storyboard;
			sourceTree = "<group>";
		};
/* End PBXVariantGroup section */

/* Begin XCBuildConfiguration section */
		F06ACF3C2089C36A007904D2 /* Debug */ = {
			isa = XCBuildConfiguration;
			buildSettings = {
				ALWAYS_SEARCH_USER_PATHS = NO;
				CLANG_ANALYZER_NONNULL = YES;
				CLANG_ANALYZER_NUMBER_OBJECT_CONVERSION = YES_AGGRESSIVE;
				CLANG_CXX_LANGUAGE_STANDARD = "gnu++14";
				CLANG_CXX_LIBRARY = "libc++";
				CLANG_ENABLE_MODULES = YES;
				CLANG_ENABLE_OBJC_ARC = YES;
				CLANG_ENABLE_OBJC_WEAK = YES;
				CLANG_WARN_BLOCK_CAPTURE_AUTORELEASING = YES;
				CLANG_WARN_BOOL_CONVERSION = YES;
				CLANG_WARN_COMMA = YES;
				CLANG_WARN_CONSTANT_CONVERSION = YES;
				CLANG_WARN_DEPRECATED_OBJC_IMPLEMENTATIONS = YES;
				CLANG_WARN_DIRECT_OBJC_ISA_USAGE = YES_ERROR;
				CLANG_WARN_DOCUMENTATION_COMMENTS = YES;
				CLANG_WARN_EMPTY_BODY = YES;
				CLANG_WARN_ENUM_CONVERSION = YES;
				CLANG_WARN_INFINITE_RECURSION = YES;
				CLANG_WARN_INT_CONVERSION = YES;
				CLANG_WARN_NON_LITERAL_NULL_CONVERSION = YES;
				CLANG_WARN_OBJC_IMPLICIT_RETAIN_SELF = YES;
				CLANG_WARN_OBJC_LITERAL_CONVERSION = YES;
				CLANG_WARN_OBJC_ROOT_CLASS = YES_ERROR;
				CLANG_WARN_RANGE_LOOP_ANALYSIS = YES;
				CLANG_WARN_STRICT_PROTOTYPES = YES;
				CLANG_WARN_SUSPICIOUS_MOVE = YES;
				CLANG_WARN_UNGUARDED_AVAILABILITY = YES_AGGRESSIVE;
				CLANG_WARN_UNREACHABLE_CODE = YES;
				CLANG_WARN__DUPLICATE_METHOD_MATCH = YES;
				CODE_SIGN_IDENTITY = "iPhone Developer";
				COPY_PHASE_STRIP = NO;
				DEBUG_INFORMATION_FORMAT = dwarf;
				ENABLE_STRICT_OBJC_MSGSEND = YES;
				ENABLE_TESTABILITY = YES;
				GCC_C_LANGUAGE_STANDARD = gnu11;
				GCC_DYNAMIC_NO_PIC = NO;
				GCC_NO_COMMON_BLOCKS = YES;
				GCC_OPTIMIZATION_LEVEL = 0;
				GCC_PREPROCESSOR_DEFINITIONS = (
					"DEBUG=1",
					"$(inherited)",
				);
				GCC_WARN_64_TO_32_BIT_CONVERSION = YES;
				GCC_WARN_ABOUT_RETURN_TYPE = YES_ERROR;
				GCC_WARN_UNDECLARED_SELECTOR = YES;
				GCC_WARN_UNINITIALIZED_AUTOS = YES_AGGRESSIVE;
				GCC_WARN_UNUSED_FUNCTION = YES;
				GCC_WARN_UNUSED_VARIABLE = YES;
				IPHONEOS_DEPLOYMENT_TARGET = 11.3;
				MTL_ENABLE_DEBUG_INFO = YES;
				ONLY_ACTIVE_ARCH = YES;
				SDKROOT = iphoneos;
				SWIFT_ACTIVE_COMPILATION_CONDITIONS = DEBUG;
				SWIFT_OPTIMIZATION_LEVEL = "-Onone";
			};
			name = Debug;
		};
		F06ACF3D2089C36A007904D2 /* Release */ = {
			isa = XCBuildConfiguration;
			buildSettings = {
				ALWAYS_SEARCH_USER_PATHS = NO;
				CLANG_ANALYZER_NONNULL = YES;
				CLANG_ANALYZER_NUMBER_OBJECT_CONVERSION = YES_AGGRESSIVE;
				CLANG_CXX_LANGUAGE_STANDARD = "gnu++14";
				CLANG_CXX_LIBRARY = "libc++";
				CLANG_ENABLE_MODULES = YES;
				CLANG_ENABLE_OBJC_ARC = YES;
				CLANG_ENABLE_OBJC_WEAK = YES;
				CLANG_WARN_BLOCK_CAPTURE_AUTORELEASING = YES;
				CLANG_WARN_BOOL_CONVERSION = YES;
				CLANG_WARN_COMMA = YES;
				CLANG_WARN_CONSTANT_CONVERSION = YES;
				CLANG_WARN_DEPRECATED_OBJC_IMPLEMENTATIONS = YES;
				CLANG_WARN_DIRECT_OBJC_ISA_USAGE = YES_ERROR;
				CLANG_WARN_DOCUMENTATION_COMMENTS = YES;
				CLANG_WARN_EMPTY_BODY = YES;
				CLANG_WARN_ENUM_CONVERSION = YES;
				CLANG_WARN_INFINITE_RECURSION = YES;
				CLANG_WARN_INT_CONVERSION = YES;
				CLANG_WARN_NON_LITERAL_NULL_CONVERSION = YES;
				CLANG_WARN_OBJC_IMPLICIT_RETAIN_SELF = YES;
				CLANG_WARN_OBJC_LITERAL_CONVERSION = YES;
				CLANG_WARN_OBJC_ROOT_CLASS = YES_ERROR;
				CLANG_WARN_RANGE_LOOP_ANALYSIS = YES;
				CLANG_WARN_STRICT_PROTOTYPES = YES;
				CLANG_WARN_SUSPICIOUS_MOVE = YES;
				CLANG_WARN_UNGUARDED_AVAILABILITY = YES_AGGRESSIVE;
				CLANG_WARN_UNREACHABLE_CODE = YES;
				CLANG_WARN__DUPLICATE_METHOD_MATCH = YES;
				CODE_SIGN_IDENTITY = "iPhone Developer";
				COPY_PHASE_STRIP = NO;
				DEBUG_INFORMATION_FORMAT = "dwarf-with-dsym";
				ENABLE_NS_ASSERTIONS = NO;
				ENABLE_STRICT_OBJC_MSGSEND = YES;
				GCC_C_LANGUAGE_STANDARD = gnu11;
				GCC_NO_COMMON_BLOCKS = YES;
				GCC_WARN_64_TO_32_BIT_CONVERSION = YES;
				GCC_WARN_ABOUT_RETURN_TYPE = YES_ERROR;
				GCC_WARN_UNDECLARED_SELECTOR = YES;
				GCC_WARN_UNINITIALIZED_AUTOS = YES_AGGRESSIVE;
				GCC_WARN_UNUSED_FUNCTION = YES;
				GCC_WARN_UNUSED_VARIABLE = YES;
				IPHONEOS_DEPLOYMENT_TARGET = 11.3;
				MTL_ENABLE_DEBUG_INFO = NO;
				SDKROOT = iphoneos;
				SWIFT_COMPILATION_MODE = wholemodule;
				SWIFT_OPTIMIZATION_LEVEL = "-O";
				VALIDATE_PRODUCT = YES;
			};
			name = Release;
		};
		F06ACF3F2089C36A007904D2 /* Debug */ = {
			isa = XCBuildConfiguration;
			buildSettings = {
				ALWAYS_EMBED_SWIFT_STANDARD_LIBRARIES = YES;
				ASSETCATALOG_COMPILER_APPICON_NAME = AppIcon;
				CODE_SIGN_STYLE = Automatic;
				INFOPLIST_FILE = MoyaJsonExt/Info.plist;
				LD_RUNPATH_SEARCH_PATHS = (
					"$(inherited)",
					"@executable_path/Frameworks",
				);
				PRODUCT_BUNDLE_IDENTIFIER = com.xue.MoyaJsonExt;
				PRODUCT_NAME = "$(TARGET_NAME)";
				SWIFT_VERSION = 4.0;
				TARGETED_DEVICE_FAMILY = "1,2";
			};
			name = Debug;
		};
		F06ACF402089C36A007904D2 /* Release */ = {
			isa = XCBuildConfiguration;
			buildSettings = {
				ALWAYS_EMBED_SWIFT_STANDARD_LIBRARIES = YES;
				ASSETCATALOG_COMPILER_APPICON_NAME = AppIcon;
				CODE_SIGN_STYLE = Automatic;
				INFOPLIST_FILE = MoyaJsonExt/Info.plist;
				LD_RUNPATH_SEARCH_PATHS = (
					"$(inherited)",
					"@executable_path/Frameworks",
				);
				PRODUCT_BUNDLE_IDENTIFIER = com.xue.MoyaJsonExt;
				PRODUCT_NAME = "$(TARGET_NAME)";
				SWIFT_VERSION = 4.0;
				TARGETED_DEVICE_FAMILY = "1,2";
			};
			name = Release;
		};
		F0DF66A6208B3B97007EEFD3 /* Debug */ = {
			isa = XCBuildConfiguration;
			baseConfigurationReference = 8F0F1974B4E7D8E273F13A6E /* Pods-JBMoyaJson.debug.xcconfig */;
			buildSettings = {
				CODE_SIGN_IDENTITY = "";
				CODE_SIGN_STYLE = Automatic;
				CURRENT_PROJECT_VERSION = 1;
				DEFINES_MODULE = YES;
				DYLIB_COMPATIBILITY_VERSION = 1;
				DYLIB_CURRENT_VERSION = 1;
				DYLIB_INSTALL_NAME_BASE = "@rpath";
				INFOPLIST_FILE = JBMoyaJson/Info.plist;
				INSTALL_PATH = "$(LOCAL_LIBRARY_DIR)/Frameworks";
				LD_RUNPATH_SEARCH_PATHS = (
					"$(inherited)",
					"@executable_path/Frameworks",
					"@loader_path/Frameworks",
				);
				PRODUCT_BUNDLE_IDENTIFIER = com.xue.JBMoyaJson;
				PRODUCT_NAME = "$(TARGET_NAME:c99extidentifier)";
				SKIP_INSTALL = YES;
				SWIFT_VERSION = 4.0;
				TARGETED_DEVICE_FAMILY = "1,2";
				VERSIONING_SYSTEM = "apple-generic";
				VERSION_INFO_PREFIX = "";
			};
			name = Debug;
		};
		F0DF66A7208B3B97007EEFD3 /* Release */ = {
			isa = XCBuildConfiguration;
			baseConfigurationReference = 418B83917F45B486EA1BD08C /* Pods-JBMoyaJson.release.xcconfig */;
			buildSettings = {
				CODE_SIGN_IDENTITY = "";
				CODE_SIGN_STYLE = Automatic;
				CURRENT_PROJECT_VERSION = 1;
				DEFINES_MODULE = YES;
				DYLIB_COMPATIBILITY_VERSION = 1;
				DYLIB_CURRENT_VERSION = 1;
				DYLIB_INSTALL_NAME_BASE = "@rpath";
				INFOPLIST_FILE = JBMoyaJson/Info.plist;
				INSTALL_PATH = "$(LOCAL_LIBRARY_DIR)/Frameworks";
				LD_RUNPATH_SEARCH_PATHS = (
					"$(inherited)",
					"@executable_path/Frameworks",
					"@loader_path/Frameworks",
				);
				PRODUCT_BUNDLE_IDENTIFIER = com.xue.JBMoyaJson;
				PRODUCT_NAME = "$(TARGET_NAME:c99extidentifier)";
				SKIP_INSTALL = YES;
				SWIFT_VERSION = 4.0;
				TARGETED_DEVICE_FAMILY = "1,2";
				VERSIONING_SYSTEM = "apple-generic";
				VERSION_INFO_PREFIX = "";
			};
			name = Release;
		};
/* End XCBuildConfiguration section */

/* Begin XCConfigurationList section */
		F06ACF272089C35C007904D2 /* Build configuration list for PBXProject "MoyaJsonExt" */ = {
			isa = XCConfigurationList;
			buildConfigurations = (
				F06ACF3C2089C36A007904D2 /* Debug */,
				F06ACF3D2089C36A007904D2 /* Release */,
			);
			defaultConfigurationIsVisible = 0;
			defaultConfigurationName = Release;
		};
		F06ACF3E2089C36A007904D2 /* Build configuration list for PBXNativeTarget "MoyaJsonExt" */ = {
			isa = XCConfigurationList;
			buildConfigurations = (
				F06ACF3F2089C36A007904D2 /* Debug */,
				F06ACF402089C36A007904D2 /* Release */,
			);
			defaultConfigurationIsVisible = 0;
			defaultConfigurationName = Release;
		};
		F0DF66A5208B3B97007EEFD3 /* Build configuration list for PBXNativeTarget "JBMoyaJson" */ = {
			isa = XCConfigurationList;
			buildConfigurations = (
				F0DF66A6208B3B97007EEFD3 /* Debug */,
				F0DF66A7208B3B97007EEFD3 /* Release */,
			);
			defaultConfigurationIsVisible = 0;
			defaultConfigurationName = Release;
		};
/* End XCConfigurationList section */
	};
	rootObject = F06ACF242089C35C007904D2 /* Project object */;
}
